// !$*UTF8*$!
{
	archiveVersion = 1;
	classes = {
	};
	objectVersion = 50;
	objects = {

/* Begin PBXBuildFile section */
		6FE06CC724EC0BF200E7D626 /* main.cpp in Sources */ = {isa = PBXBuildFile; fileRef = 6FE06CC624EC0BF200E7D626 /* main.cpp */; };
		6FE06CD224EC0BFE00E7D626 /* libswiftGLKit.tbd in Frameworks */ = {isa = PBXBuildFile; fileRef = 6FE06CCE24EC0BFD00E7D626 /* libswiftGLKit.tbd */; };
		6FE06CD324EC0BFE00E7D626 /* libswiftDemangle.tbd in Frameworks */ = {isa = PBXBuildFile; fileRef = 6FE06CCF24EC0BFD00E7D626 /* libswiftDemangle.tbd */; };
		6FE06CD424EC0BFE00E7D626 /* GLUT.framework in Frameworks */ = {isa = PBXBuildFile; fileRef = 6FE06CD024EC0BFD00E7D626 /* GLUT.framework */; };
		6FE06CD524EC0BFE00E7D626 /* OpenGL.framework in Frameworks */ = {isa = PBXBuildFile; fileRef = 6FE06CD124EC0BFD00E7D626 /* OpenGL.framework */; };
/* End PBXBuildFile section */

/* Begin PBXCopyFilesBuildPhase section */
		6FE06CC124EC0BF200E7D626 /* CopyFiles */ = {
			isa = PBXCopyFilesBuildPhase;
			buildActionMask = 2147483647;
			dstPath = /usr/share/man/man1/;
			dstSubfolderSpec = 0;
			files = (
			);
			runOnlyForDeploymentPostprocessing = 1;
		};
/* End PBXCopyFilesBuildPhase section */

/* Begin PBXFileReference section */
		6FE06CC324EC0BF200E7D626 /* work_4 */ = {isa = PBXFileReference; explicitFileType = "compiled.mach-o.executable"; includeInIndex = 0; path = work_4; sourceTree = BUILT_PRODUCTS_DIR; };
		6FE06CC624EC0BF200E7D626 /* main.cpp */ = {isa = PBXFileReference; lastKnownFileType = sourcecode.cpp.cpp; path = main.cpp; sourceTree = "<group>"; };
		6FE06CCE24EC0BFD00E7D626 /* libswiftGLKit.tbd */ = {isa = PBXFileReference; lastKnownFileType = "sourcecode.text-based-dylib-definition"; name = libswiftGLKit.tbd; path = usr/lib/swift/libswiftGLKit.tbd; sourceTree = SDKROOT; };
		6FE06CCF24EC0BFD00E7D626 /* libswiftDemangle.tbd */ = {isa = PBXFileReference; lastKnownFileType = "sourcecode.text-based-dylib-definition"; name = libswiftDemangle.tbd; path = usr/lib/swift/libswiftDemangle.tbd; sourceTree = SDKROOT; };
		6FE06CD024EC0BFD00E7D626 /* GLUT.framework */ = {isa = PBXFileReference; lastKnownFileType = wrapper.framework; name = GLUT.framework; path = System/Library/Frameworks/GLUT.framework; sourceTree = SDKROOT; };
		6FE06CD124EC0BFD00E7D626 /* OpenGL.framework */ = {isa = PBXFileReference; lastKnownFileType = wrapper.framework; name = OpenGL.framework; path = System/Library/Frameworks/OpenGL.framework; sourceTree = SDKROOT; };
/* End PBXFileReference section */

/* Begin PBXFrameworksBuildPhase section */
		6FE06CC024EC0BF200E7D626 /* Frameworks */ = {
			isa = PBXFrameworksBuildPhase;
			buildActionMask = 2147483647;
			files = (
				6FE06CD224EC0BFE00E7D626 /* libswiftGLKit.tbd in Frameworks */,
				6FE06CD324EC0BFE00E7D626 /* libswiftDemangle.tbd in Frameworks */,
				6FE06CD424EC0BFE00E7D626 /* GLUT.framework in Frameworks */,
				6FE06CD524EC0BFE00E7D626 /* OpenGL.framework in Frameworks */,
			);
			runOnlyForDeploymentPostprocessing = 0;
		};
/* End PBXFrameworksBuildPhase section */

/* Begin PBXGroup section */
		6FE06CBA24EC0BF200E7D626 = {
			isa = PBXGroup;
			children = (
				6FE06CC524EC0BF200E7D626 /* work_4 */,
				6FE06CC424EC0BF200E7D626 /* Products */,
				6FE06CCD24EC0BFD00E7D626 /* Frameworks */,
			);
			sourceTree = "<group>";
		};
		6FE06CC424EC0BF200E7D626 /* Products */ = {
			isa = PBXGroup;
			children = (
				6FE06CC324EC0BF200E7D626 /* work_4 */,
			);
			name = Products;
			sourceTree = "<group>";
		};
		6FE06CC524EC0BF200E7D626 /* work_4 */ = {
			isa = PBXGroup;
			children = (
				6FE06CC624EC0BF200E7D626 /* main.cpp */,
			);
			path = work_4;
			sourceTree = "<group>";
		};
		6FE06CCD24EC0BFD00E7D626 /* Frameworks */ = {
			isa = PBXGroup;
			children = (
				6FE06CD024EC0BFD00E7D626 /* GLUT.framework */,
				6FE06CCF24EC0BFD00E7D626 /* libswiftDemangle.tbd */,
				6FE06CCE24EC0BFD00E7D626 /* libswiftGLKit.tbd */,
				6FE06CD124EC0BFD00E7D626 /* OpenGL.framework */,
			);
			name = Frameworks;
			sourceTree = "<group>";
		};
/* End PBXGroup section */

/* Begin PBXNativeTarget section */
		6FE06CC224EC0BF200E7D626 /* work_4 */ = {
			isa = PBXNativeTarget;
			buildConfigurationList = 6FE06CCA24EC0BF200E7D626 /* Build configuration list for PBXNativeTarget "work_4" */;
			buildPhases = (
				6FE06CBF24EC0BF200E7D626 /* Sources */,
				6FE06CC024EC0BF200E7D626 /* Frameworks */,
				6FE06CC124EC0BF200E7D626 /* CopyFiles */,
			);
			buildRules = (
			);
			dependencies = (
			);
			name = work_4;
			productName = work_4;
			productReference = 6FE06CC324EC0BF200E7D626 /* work_4 */;
			productType = "com.apple.product-type.tool";
		};
/* End PBXNativeTarget section */

/* Begin PBXProject section */
		6FE06CBB24EC0BF200E7D626 /* Project object */ = {
			isa = PBXProject;
			attributes = {
				LastUpgradeCheck = 1150;
				ORGANIZATIONNAME = ah;
				TargetAttributes = {
					6FE06CC224EC0BF200E7D626 = {
						CreatedOnToolsVersion = 11.5;
					};
				};
			};
			buildConfigurationList = 6FE06CBE24EC0BF200E7D626 /* Build configuration list for PBXProject "work_4" */;
			compatibilityVersion = "Xcode 9.3";
			developmentRegion = en;
			hasScannedForEncodings = 0;
			knownRegions = (
				en,
				Base,
			);
			mainGroup = 6FE06CBA24EC0BF200E7D626;
			productRefGroup = 6FE06CC424EC0BF200E7D626 /* Products */;
			projectDirPath = "";
			projectRoot = "";
			targets = (
				6FE06CC224EC0BF200E7D626 /* work_4 */,
			);
		};
/* End PBXProject section */

/* Begin PBXSourcesBuildPhase section */
		6FE06CBF24EC0BF200E7D626 /* Sources */ = {
			isa = PBXSourcesBuildPhase;
			buildActionMask = 2147483647;
			files = (
				6FE06CC724EC0BF200E7D626 /* main.cpp in Sources */,
			);
			runOnlyForDeploymentPostprocessing = 0;
		};
/* End PBXSourcesBuildPhase section */

/* Begin XCBuildConfiguration section */
		6FE06CC824EC0BF200E7D626 /* Debug */ = {
			isa = XCBuildConfiguration;
			buildSettings = {
				ALWAYS_SEARCH_USER_PATHS = NO;
				CLANG_ANALYZER_NONNULL = YES;
				CLANG_ANALYZER_NUMBER_OBJECT_CONVERSION = YES_AGGRESSIVE;
				CLANG_CXX_LANGUAGE_STANDARD = "gnu++14";
				CLANG_CXX_LIBRARY = "libc++";
				CLANG_ENABLE_MODULES = YES;
				CLANG_ENABLE_OBJC_ARC = YES;
				CLANG_ENABLE_OBJC_WEAK = YES;
				CLANG_WARN_BLOCK_CAPTURE_AUTORELEASING = YES;
				CLANG_WARN_BOOL_CONVERSION = YES;
				CLANG_WARN_COMMA = YES;
				CLANG_WARN_CONSTANT_CONVERSION = YES;
				CLANG_WARN_DEPRECATED_OBJC_IMPLEMENTATIONS = YES;
				CLANG_WARN_DIRECT_OBJC_ISA_USAGE = YES_ERROR;
				CLANG_WARN_DOCUMENTATION_COMMENTS = YES;
				CLANG_WARN_EMPTY_BODY = YES;
				CLANG_WARN_ENUM_CONVERSION = YES;
				CLANG_WARN_INFINITE_RECURSION = YES;
				CLANG_WARN_INT_CONVERSION = YES;
				CLANG_WARN_NON_LITERAL_NULL_CONVERSION = YES;
				CLANG_WARN_OBJC_IMPLICIT_RETAIN_SELF = YES;
				CLANG_WARN_OBJC_LITERAL_CONVERSION = YES;
				CLANG_WARN_OBJC_ROOT_CLASS = YES_ERROR;
				CLANG_WARN_RANGE_LOOP_ANALYSIS = YES;
				CLANG_WARN_STRICT_PROTOTYPES = YES;
				CLANG_WARN_SUSPICIOUS_MOVE = YES;
				CLANG_WARN_UNGUARDED_AVAILABILITY = YES_AGGRESSIVE;
				CLANG_WARN_UNREACHABLE_CODE = YES;
				CLANG_WARN__DUPLICATE_METHOD_MATCH = YES;
				COPY_PHASE_STRIP = NO;
				DEBUG_INFORMATION_FORMAT = dwarf;
				ENABLE_STRICT_OBJC_MSGSEND = YES;
				ENABLE_TESTABILITY = YES;
				GCC_C_LANGUAGE_STANDARD = gnu11;
				GCC_DYNAMIC_NO_PIC = NO;
				GCC_NO_COMMON_BLOCKS = YES;
				GCC_OPTIMIZATION_LEVEL = 0;
				GCC_PREPROCESSOR_DEFINITIONS = (
					"DEBUG=1",
					"$(inherited)",
				);
				GCC_WARN_64_TO_32_BIT_CONVERSION = YES;
				GCC_WARN_ABOUT_RETURN_TYPE = YES_ERROR;
				GCC_WARN_UNDECLARED_SELECTOR = YES;
				GCC_WARN_UNINITIALIZED_AUTOS = YES_AGGRESSIVE;
				GCC_WARN_UNUSED_FUNCTION = YES;
				GCC_WARN_UNUSED_VARIABLE = YES;
				MACOSX_DEPLOYMENT_TARGET = 10.15;
				MTL_ENABLE_DEBUG_INFO = INCLUDE_SOURCE;
				MTL_FAST_MATH = YES;
				ONLY_ACTIVE_ARCH = YES;
				SDKROOT = macosx;
			};
			name = Debug;
		};
		6FE06CC924EC0BF200E7D626 /* Release */ = {
			isa = XCBuildConfiguration;
			buildSettings = {
				ALWAYS_SEARCH_USER_PATHS = NO;
				CLANG_ANALYZER_NONNULL = YES;
				CLANG_ANALYZER_NUMBER_OBJECT_CONVERSION = YES_AGGRESSIVE;
				CLANG_CXX_LANGUAGE_STANDARD = "gnu++14";
				CLANG_CXX_LIBRARY = "libc++";
				CLANG_ENABLE_MODULES = YES;
				CLANG_ENABLE_OBJC_ARC = YES;
				CLANG_ENABLE_OBJC_WEAK = YES;
				CLANG_WARN_BLOCK_CAPTURE_AUTORELEASING = YES;
				CLANG_WARN_BOOL_CONVERSION = YES;
				CLANG_WARN_COMMA = YES;
				CLANG_WARN_CONSTANT_CONVERSION = YES;
				CLANG_WARN_DEPRECATED_OBJC_IMPLEMENTATIONS = YES;
				CLANG_WARN_DIRECT_OBJC_ISA_USAGE = YES_ERROR;
				CLANG_WARN_DOCUMENTATION_COMMENTS = YES;
				CLANG_WARN_EMPTY_BODY = YES;
				CLANG_WARN_ENUM_CONVERSION = YES;
				CLANG_WARN_INFINITE_RECURSION = YES;
				CLANG_WARN_INT_CONVERSION = YES;
				CLANG_WARN_NON_LITERAL_NULL_CONVERSION = YES;
				CLANG_WARN_OBJC_IMPLICIT_RETAIN_SELF = YES;
				CLANG_WARN_OBJC_LITERAL_CONVERSION = YES;
				CLANG_WARN_OBJC_ROOT_CLASS = YES_ERROR;
				CLANG_WARN_RANGE_LOOP_ANALYSIS = YES;
				CLANG_WARN_STRICT_PROTOTYPES = YES;
				CLANG_WARN_SUSPICIOUS_MOVE = YES;
				CLANG_WARN_UNGUARDED_AVAILABILITY = YES_AGGRESSIVE;
				CLANG_WARN_UNREACHABLE_CODE = YES;
				CLANG_WARN__DUPLICATE_METHOD_MATCH = YES;
				COPY_PHASE_STRIP = NO;
				DEBUG_INFORMATION_FORMAT = "dwarf-with-dsym";
				ENABLE_NS_ASSERTIONS = NO;
				ENABLE_STRICT_OBJC_MSGSEND = YES;
				GCC_C_LANGUAGE_STANDARD = gnu11;
				GCC_NO_COMMON_BLOCKS = YES;
				GCC_WARN_64_TO_32_BIT_CONVERSION = YES;
				GCC_WARN_ABOUT_RETURN_TYPE = YES_ERROR;
				GCC_WARN_UNDECLARED_SELECTOR = YES;
				GCC_WARN_UNINITIALIZED_AUTOS = YES_AGGRESSIVE;
				GCC_WARN_UNUSED_FUNCTION = YES;
				GCC_WARN_UNUSED_VARIABLE = YES;
				MACOSX_DEPLOYMENT_TARGET = 10.15;
				MTL_ENABLE_DEBUG_INFO = NO;
				MTL_FAST_MATH = YES;
				SDKROOT = macosx;
			};
			name = Release;
		};
		6FE06CCB24EC0BF200E7D626 /* Debug */ = {
			isa = XCBuildConfiguration;
			buildSettings = {
				CODE_SIGN_STYLE = Automatic;
				LIBRARY_SEARCH_PATHS = (
					"$(inherited)",
					"$(SDKROOT)/usr/lib/swift",
				);
				PRODUCT_NAME = "$(TARGET_NAME)";
			};
			name = Debug;
		};
		6FE06CCC24EC0BF200E7D626 /* Release */ = {
			isa = XCBuildConfiguration;
			buildSettings = {
				CODE_SIGN_STYLE = Automatic;
				LIBRARY_SEARCH_PATHS = (
					"$(inherited)",
					"$(SDKROOT)/usr/lib/swift",
				);
				PRODUCT_NAME = "$(TARGET_NAME)";
			};
			name = Release;
		};
/* End XCBuildConfiguration section */

/* Begin XCConfigurationList section */
		6FE06CBE24EC0BF200E7D626 /* Build configuration list for PBXProject "work_4" */ = {
			isa = XCConfigurationList;
			buildConfigurations = (
				6FE06CC824EC0BF200E7D626 /* Debug */,
				6FE06CC924EC0BF200E7D626 /* Release */,
			);
			defaultConfigurationIsVisible = 0;
			defaultConfigurationName = Release;
		};
		6FE06CCA24EC0BF200E7D626 /* Build configuration list for PBXNativeTarget "work_4" */ = {
			isa = XCConfigurationList;
			buildConfigurations = (
				6FE06CCB24EC0BF200E7D626 /* Debug */,
				6FE06CCC24EC0BF200E7D626 /* Release */,
			);
			defaultConfigurationIsVisible = 0;
			defaultConfigurationName = Release;
		};
/* End XCConfigurationList section */
	};
	rootObject = 6FE06CBB24EC0BF200E7D626 /* Project object */;
}
